// !$*UTF8*$!
{
	archiveVersion = 1;
	classes = {
	};
	objectVersion = 46;
	objects = {

/* Begin PBXBuildFile section */
		2F2252561A4BF87900EA7164 /* Player.m in Sources */ = {isa = PBXBuildFile; fileRef = 2F2252551A4BF87900EA7164 /* Player.m */; };
		2F6DCC5E1A4BF3530093036D /* main.m in Sources */ = {isa = PBXBuildFile; fileRef = 2F6DCC5D1A4BF3530093036D /* main.m */; };
		2F6DCC611A4BF3530093036D /* AppDelegate.m in Sources */ = {isa = PBXBuildFile; fileRef = 2F6DCC601A4BF3530093036D /* AppDelegate.m */; };
		2F6DCC641A4BF3530093036D /* GameScene.m in Sources */ = {isa = PBXBuildFile; fileRef = 2F6DCC631A4BF3530093036D /* GameScene.m */; };
		2F6DCC661A4BF3530093036D /* GameScene.sks in Resources */ = {isa = PBXBuildFile; fileRef = 2F6DCC651A4BF3530093036D /* GameScene.sks */; };
		2F6DCC691A4BF3530093036D /* GameViewController.m in Sources */ = {isa = PBXBuildFile; fileRef = 2F6DCC681A4BF3530093036D /* GameViewController.m */; };
		2F6DCC6C1A4BF3530093036D /* Main.storyboard in Resources */ = {isa = PBXBuildFile; fileRef = 2F6DCC6A1A4BF3530093036D /* Main.storyboard */; };
		2F6DCC6E1A4BF3530093036D /* Images.xcassets in Resources */ = {isa = PBXBuildFile; fileRef = 2F6DCC6D1A4BF3530093036D /* Images.xcassets */; };
		2F6DCC711A4BF3530093036D /* LaunchScreen.xib in Resources */ = {isa = PBXBuildFile; fileRef = 2F6DCC6F1A4BF3530093036D /* LaunchScreen.xib */; };
		2F6DCC7D1A4BF3530093036D /* SteeringBehaviorsTests.m in Sources */ = {isa = PBXBuildFile; fileRef = 2F6DCC7C1A4BF3530093036D /* SteeringBehaviorsTests.m */; };
/* End PBXBuildFile section */

/* Begin PBXContainerItemProxy section */
		2F6DCC771A4BF3530093036D /* PBXContainerItemProxy */ = {
			isa = PBXContainerItemProxy;
			containerPortal = 2F6DCC501A4BF3530093036D /* Project object */;
			proxyType = 1;
			remoteGlobalIDString = 2F6DCC571A4BF3530093036D;
			remoteInfo = SteeringBehaviors;
		};
/* End PBXContainerItemProxy section */

/* Begin PBXFileReference section */
		2F2252541A4BF87900EA7164 /* Player.h */ = {isa = PBXFileReference; fileEncoding = 4; lastKnownFileType = sourcecode.c.h; path = Player.h; sourceTree = "<group>"; };
		2F2252551A4BF87900EA7164 /* Player.m */ = {isa = PBXFileReference; fileEncoding = 4; lastKnownFileType = sourcecode.c.objc; path = Player.m; sourceTree = "<group>"; };
		2F6DCC581A4BF3530093036D /* SteeringBehaviors.app */ = {isa = PBXFileReference; explicitFileType = wrapper.application; includeInIndex = 0; path = SteeringBehaviors.app; sourceTree = BUILT_PRODUCTS_DIR; };
		2F6DCC5C1A4BF3530093036D /* Info.plist */ = {isa = PBXFileReference; lastKnownFileType = text.plist.xml; path = Info.plist; sourceTree = "<group>"; };
		2F6DCC5D1A4BF3530093036D /* main.m */ = {isa = PBXFileReference; lastKnownFileType = sourcecode.c.objc; path = main.m; sourceTree = "<group>"; };
		2F6DCC5F1A4BF3530093036D /* AppDelegate.h */ = {isa = PBXFileReference; lastKnownFileType = sourcecode.c.h; path = AppDelegate.h; sourceTree = "<group>"; };
		2F6DCC601A4BF3530093036D /* AppDelegate.m */ = {isa = PBXFileReference; lastKnownFileType = sourcecode.c.objc; path = AppDelegate.m; sourceTree = "<group>"; };
		2F6DCC621A4BF3530093036D /* GameScene.h */ = {isa = PBXFileReference; lastKnownFileType = sourcecode.c.h; path = GameScene.h; sourceTree = "<group>"; };
		2F6DCC631A4BF3530093036D /* GameScene.m */ = {isa = PBXFileReference; lastKnownFileType = sourcecode.c.objc; path = GameScene.m; sourceTree = "<group>"; };
		2F6DCC651A4BF3530093036D /* GameScene.sks */ = {isa = PBXFileReference; lastKnownFileType = file.sks; path = GameScene.sks; sourceTree = "<group>"; };
		2F6DCC671A4BF3530093036D /* GameViewController.h */ = {isa = PBXFileReference; lastKnownFileType = sourcecode.c.h; path = GameViewController.h; sourceTree = "<group>"; };
		2F6DCC681A4BF3530093036D /* GameViewController.m */ = {isa = PBXFileReference; lastKnownFileType = sourcecode.c.objc; path = GameViewController.m; sourceTree = "<group>"; };
		2F6DCC6B1A4BF3530093036D /* Base */ = {isa = PBXFileReference; lastKnownFileType = file.storyboard; name = Base; path = Base.lproj/Main.storyboard; sourceTree = "<group>"; };
		2F6DCC6D1A4BF3530093036D /* Images.xcassets */ = {isa = PBXFileReference; lastKnownFileType = folder.assetcatalog; path = Images.xcassets; sourceTree = "<group>"; };
		2F6DCC701A4BF3530093036D /* Base */ = {isa = PBXFileReference; lastKnownFileType = file.xib; name = Base; path = Base.lproj/LaunchScreen.xib; sourceTree = "<group>"; };
		2F6DCC761A4BF3530093036D /* SteeringBehaviorsTests.xctest */ = {isa = PBXFileReference; explicitFileType = wrapper.cfbundle; includeInIndex = 0; path = SteeringBehaviorsTests.xctest; sourceTree = BUILT_PRODUCTS_DIR; };
		2F6DCC7B1A4BF3530093036D /* Info.plist */ = {isa = PBXFileReference; lastKnownFileType = text.plist.xml; path = Info.plist; sourceTree = "<group>"; };
		2F6DCC7C1A4BF3530093036D /* SteeringBehaviorsTests.m */ = {isa = PBXFileReference; lastKnownFileType = sourcecode.c.objc; path = SteeringBehaviorsTests.m; sourceTree = "<group>"; };
/* End PBXFileReference section */

/* Begin PBXFrameworksBuildPhase section */
		2F6DCC551A4BF3530093036D /* Frameworks */ = {
			isa = PBXFrameworksBuildPhase;
			buildActionMask = 2147483647;
			files = (
			);
			runOnlyForDeploymentPostprocessing = 0;
		};
		2F6DCC731A4BF3530093036D /* Frameworks */ = {
			isa = PBXFrameworksBuildPhase;
			buildActionMask = 2147483647;
			files = (
			);
			runOnlyForDeploymentPostprocessing = 0;
		};
/* End PBXFrameworksBuildPhase section */

/* Begin PBXGroup section */
		2F6DCC4F1A4BF3530093036D = {
			isa = PBXGroup;
			children = (
				2F6DCC5A1A4BF3530093036D /* SteeringBehaviors */,
				2F6DCC791A4BF3530093036D /* SteeringBehaviorsTests */,
				2F6DCC591A4BF3530093036D /* Products */,
			);
			sourceTree = "<group>";
		};
		2F6DCC591A4BF3530093036D /* Products */ = {
			isa = PBXGroup;
			children = (
				2F6DCC581A4BF3530093036D /* SteeringBehaviors.app */,
				2F6DCC761A4BF3530093036D /* SteeringBehaviorsTests.xctest */,
			);
			name = Products;
			sourceTree = "<group>";
		};
		2F6DCC5A1A4BF3530093036D /* SteeringBehaviors */ = {
			isa = PBXGroup;
			children = (
				2F6DCC5F1A4BF3530093036D /* AppDelegate.h */,
				2F6DCC601A4BF3530093036D /* AppDelegate.m */,
				2F6DCC621A4BF3530093036D /* GameScene.h */,
				2F6DCC631A4BF3530093036D /* GameScene.m */,
				2F6DCC651A4BF3530093036D /* GameScene.sks */,
				2F6DCC671A4BF3530093036D /* GameViewController.h */,
				2F6DCC681A4BF3530093036D /* GameViewController.m */,
				2F6DCC6A1A4BF3530093036D /* Main.storyboard */,
				2F6DCC6D1A4BF3530093036D /* Images.xcassets */,
				2F6DCC6F1A4BF3530093036D /* LaunchScreen.xib */,
				2F6DCC5B1A4BF3530093036D /* Supporting Files */,
				2F2252541A4BF87900EA7164 /* Player.h */,
				2F2252551A4BF87900EA7164 /* Player.m */,
			);
			path = SteeringBehaviors;
			sourceTree = "<group>";
		};
		2F6DCC5B1A4BF3530093036D /* Supporting Files */ = {
			isa = PBXGroup;
			children = (
				2F6DCC5C1A4BF3530093036D /* Info.plist */,
				2F6DCC5D1A4BF3530093036D /* main.m */,
			);
			name = "Supporting Files";
			sourceTree = "<group>";
		};
		2F6DCC791A4BF3530093036D /* SteeringBehaviorsTests */ = {
			isa = PBXGroup;
			children = (
				2F6DCC7C1A4BF3530093036D /* SteeringBehaviorsTests.m */,
				2F6DCC7A1A4BF3530093036D /* Supporting Files */,
			);
			path = SteeringBehaviorsTests;
			sourceTree = "<group>";
		};
		2F6DCC7A1A4BF3530093036D /* Supporting Files */ = {
			isa = PBXGroup;
			children = (
				2F6DCC7B1A4BF3530093036D /* Info.plist */,
			);
			name = "Supporting Files";
			sourceTree = "<group>";
		};
/* End PBXGroup section */

/* Begin PBXNativeTarget section */
		2F6DCC571A4BF3530093036D /* SteeringBehaviors */ = {
			isa = PBXNativeTarget;
			buildConfigurationList = 2F6DCC801A4BF3530093036D /* Build configuration list for PBXNativeTarget "SteeringBehaviors" */;
			buildPhases = (
				2F6DCC541A4BF3530093036D /* Sources */,
				2F6DCC551A4BF3530093036D /* Frameworks */,
				2F6DCC561A4BF3530093036D /* Resources */,
			);
			buildRules = (
			);
			dependencies = (
			);
			name = SteeringBehaviors;
			productName = SteeringBehaviors;
			productReference = 2F6DCC581A4BF3530093036D /* SteeringBehaviors.app */;
			productType = "com.apple.product-type.application";
		};
		2F6DCC751A4BF3530093036D /* SteeringBehaviorsTests */ = {
			isa = PBXNativeTarget;
			buildConfigurationList = 2F6DCC831A4BF3530093036D /* Build configuration list for PBXNativeTarget "SteeringBehaviorsTests" */;
			buildPhases = (
				2F6DCC721A4BF3530093036D /* Sources */,
				2F6DCC731A4BF3530093036D /* Frameworks */,
				2F6DCC741A4BF3530093036D /* Resources */,
			);
			buildRules = (
			);
			dependencies = (
				2F6DCC781A4BF3530093036D /* PBXTargetDependency */,
			);
			name = SteeringBehaviorsTests;
			productName = SteeringBehaviorsTests;
			productReference = 2F6DCC761A4BF3530093036D /* SteeringBehaviorsTests.xctest */;
			productType = "com.apple.product-type.bundle.unit-test";
		};
/* End PBXNativeTarget section */

/* Begin PBXProject section */
		2F6DCC501A4BF3530093036D /* Project object */ = {
			isa = PBXProject;
			attributes = {
				LastUpgradeCheck = 0610;
				ORGANIZATIONNAME = mb;
				TargetAttributes = {
					2F6DCC571A4BF3530093036D = {
						CreatedOnToolsVersion = 6.1;
					};
					2F6DCC751A4BF3530093036D = {
						CreatedOnToolsVersion = 6.1;
						TestTargetID = 2F6DCC571A4BF3530093036D;
					};
				};
			};
			buildConfigurationList = 2F6DCC531A4BF3530093036D /* Build configuration list for PBXProject "SteeringBehaviors" */;
			compatibilityVersion = "Xcode 3.2";
			developmentRegion = English;
			hasScannedForEncodings = 0;
			knownRegions = (
				en,
				Base,
			);
			mainGroup = 2F6DCC4F1A4BF3530093036D;
			productRefGroup = 2F6DCC591A4BF3530093036D /* Products */;
			projectDirPath = "";
			projectRoot = "";
			targets = (
				2F6DCC571A4BF3530093036D /* SteeringBehaviors */,
				2F6DCC751A4BF3530093036D /* SteeringBehaviorsTests */,
			);
		};
/* End PBXProject section */

/* Begin PBXResourcesBuildPhase section */
		2F6DCC561A4BF3530093036D /* Resources */ = {
			isa = PBXResourcesBuildPhase;
			buildActionMask = 2147483647;
			files = (
				2F6DCC711A4BF3530093036D /* LaunchScreen.xib in Resources */,
				2F6DCC6E1A4BF3530093036D /* Images.xcassets in Resources */,
				2F6DCC661A4BF3530093036D /* GameScene.sks in Resources */,
				2F6DCC6C1A4BF3530093036D /* Main.storyboard in Resources */,
			);
			runOnlyForDeploymentPostprocessing = 0;
		};
		2F6DCC741A4BF3530093036D /* Resources */ = {
			isa = PBXResourcesBuildPhase;
			buildActionMask = 2147483647;
			files = (
			);
			runOnlyForDeploymentPostprocessing = 0;
		};
/* End PBXResourcesBuildPhase section */

/* Begin PBXSourcesBuildPhase section */
		2F6DCC541A4BF3530093036D /* Sources */ = {
			isa = PBXSourcesBuildPhase;
			buildActionMask = 2147483647;
			files = (
				2F6DCC691A4BF3530093036D /* GameViewController.m in Sources */,
				2F6DCC611A4BF3530093036D /* AppDelegate.m in Sources */,
				2F6DCC641A4BF3530093036D /* GameScene.m in Sources */,
				2F6DCC5E1A4BF3530093036D /* main.m in Sources */,
				2F2252561A4BF87900EA7164 /* Player.m in Sources */,
			);
			runOnlyForDeploymentPostprocessing = 0;
		};
		2F6DCC721A4BF3530093036D /* Sources */ = {
			isa = PBXSourcesBuildPhase;
			buildActionMask = 2147483647;
			files = (
				2F6DCC7D1A4BF3530093036D /* SteeringBehaviorsTests.m in Sources */,
			);
			runOnlyForDeploymentPostprocessing = 0;
		};
/* End PBXSourcesBuildPhase section */

/* Begin PBXTargetDependency section */
		2F6DCC781A4BF3530093036D /* PBXTargetDependency */ = {
			isa = PBXTargetDependency;
			target = 2F6DCC571A4BF3530093036D /* SteeringBehaviors */;
			targetProxy = 2F6DCC771A4BF3530093036D /* PBXContainerItemProxy */;
		};
/* End PBXTargetDependency section */

/* Begin PBXVariantGroup section */
		2F6DCC6A1A4BF3530093036D /* Main.storyboard */ = {
			isa = PBXVariantGroup;
			children = (
				2F6DCC6B1A4BF3530093036D /* Base */,
			);
			name = Main.storyboard;
			sourceTree = "<group>";
		};
		2F6DCC6F1A4BF3530093036D /* LaunchScreen.xib */ = {
			isa = PBXVariantGroup;
			children = (
				2F6DCC701A4BF3530093036D /* Base */,
			);
			name = LaunchScreen.xib;
			sourceTree = "<group>";
		};
/* End PBXVariantGroup section */

/* Begin XCBuildConfiguration section */
		2F6DCC7E1A4BF3530093036D /* Debug */ = {
			isa = XCBuildConfiguration;
			buildSettings = {
				ALWAYS_SEARCH_USER_PATHS = NO;
				CLANG_CXX_LANGUAGE_STANDARD = "gnu++0x";
				CLANG_CXX_LIBRARY = "libc++";
				CLANG_ENABLE_MODULES = YES;
				CLANG_ENABLE_OBJC_ARC = YES;
				CLANG_WARN_BOOL_CONVERSION = YES;
				CLANG_WARN_CONSTANT_CONVERSION = YES;
				CLANG_WARN_DIRECT_OBJC_ISA_USAGE = YES_ERROR;
				CLANG_WARN_EMPTY_BODY = YES;
				CLANG_WARN_ENUM_CONVERSION = YES;
				CLANG_WARN_INT_CONVERSION = YES;
				CLANG_WARN_OBJC_ROOT_CLASS = YES_ERROR;
				CLANG_WARN_UNREACHABLE_CODE = YES;
				CLANG_WARN__DUPLICATE_METHOD_MATCH = YES;
				"CODE_SIGN_IDENTITY[sdk=iphoneos*]" = "iPhone Developer";
				COPY_PHASE_STRIP = NO;
				ENABLE_STRICT_OBJC_MSGSEND = YES;
				GCC_C_LANGUAGE_STANDARD = gnu99;
				GCC_DYNAMIC_NO_PIC = NO;
				GCC_OPTIMIZATION_LEVEL = 0;
				GCC_PREPROCESSOR_DEFINITIONS = (
					"DEBUG=1",
					"$(inherited)",
				);
				GCC_SYMBOLS_PRIVATE_EXTERN = NO;
				GCC_WARN_64_TO_32_BIT_CONVERSION = YES;
				GCC_WARN_ABOUT_RETURN_TYPE = YES_ERROR;
				GCC_WARN_UNDECLARED_SELECTOR = YES;
				GCC_WARN_UNINITIALIZED_AUTOS = YES_AGGRESSIVE;
				GCC_WARN_UNUSED_FUNCTION = YES;
				GCC_WARN_UNUSED_VARIABLE = YES;
				IPHONEOS_DEPLOYMENT_TARGET = 8.1;
				MTL_ENABLE_DEBUG_INFO = YES;
				ONLY_ACTIVE_ARCH = YES;
				SDKROOT = iphoneos;
			};
			name = Debug;
		};
		2F6DCC7F1A4BF3530093036D /* Release */ = {
			isa = XCBuildConfiguration;
			buildSettings = {
				ALWAYS_SEARCH_USER_PATHS = NO;
				CLANG_CXX_LANGUAGE_STANDARD = "gnu++0x";
				CLANG_CXX_LIBRARY = "libc++";
				CLANG_ENABLE_MODULES = YES;
				CLANG_ENABLE_OBJC_ARC = YES;
				CLANG_WARN_BOOL_CONVERSION = YES;
				CLANG_WARN_CONSTANT_CONVERSION = YES;
				CLANG_WARN_DIRECT_OBJC_ISA_USAGE = YES_ERROR;
				CLANG_WARN_EMPTY_BODY = YES;
				CLANG_WARN_ENUM_CONVERSION = YES;
				CLANG_WARN_INT_CONVERSION = YES;
				CLANG_WARN_OBJC_ROOT_CLASS = YES_ERROR;
				CLANG_WARN_UNREACHABLE_CODE = YES;
				CLANG_WARN__DUPLICATE_METHOD_MATCH = YES;
				"CODE_SIGN_IDENTITY[sdk=iphoneos*]" = "iPhone Developer";
				COPY_PHASE_STRIP = YES;
				ENABLE_NS_ASSERTIONS = NO;
				ENABLE_STRICT_OBJC_MSGSEND = YES;
				GCC_C_LANGUAGE_STANDARD = gnu99;
				GCC_WARN_64_TO_32_BIT_CONVERSION = YES;
				GCC_WARN_ABOUT_RETURN_TYPE = YES_ERROR;
				GCC_WARN_UNDECLARED_SELECTOR = YES;
				GCC_WARN_UNINITIALIZED_AUTOS = YES_AGGRESSIVE;
				GCC_WARN_UNUSED_FUNCTION = YES;
				GCC_WARN_UNUSED_VARIABLE = YES;
				IPHONEOS_DEPLOYMENT_TARGET = 8.1;
				MTL_ENABLE_DEBUG_INFO = NO;
				SDKROOT = iphoneos;
				VALIDATE_PRODUCT = YES;
			};
			name = Release;
		};
		2F6DCC811A4BF3530093036D /* Debug */ = {
			isa = XCBuildConfiguration;
			buildSettings = {
				ASSETCATALOG_COMPILER_APPICON_NAME = AppIcon;
				INFOPLIST_FILE = SteeringBehaviors/Info.plist;
				LD_RUNPATH_SEARCH_PATHS = "$(inherited) @executable_path/Frameworks";
				PRODUCT_NAME = "$(TARGET_NAME)";
			};
			name = Debug;
		};
		2F6DCC821A4BF3530093036D /* Release */ = {
			isa = XCBuildConfiguration;
			buildSettings = {
				ASSETCATALOG_COMPILER_APPICON_NAME = AppIcon;
				INFOPLIST_FILE = SteeringBehaviors/Info.plist;
				LD_RUNPATH_SEARCH_PATHS = "$(inherited) @executable_path/Frameworks";
				PRODUCT_NAME = "$(TARGET_NAME)";
			};
			name = Release;
		};
		2F6DCC841A4BF3530093036D /* Debug */ = {
			isa = XCBuildConfiguration;
			buildSettings = {
				BUNDLE_LOADER = "$(TEST_HOST)";
				FRAMEWORK_SEARCH_PATHS = (
					"$(SDKROOT)/Developer/Library/Frameworks",
					"$(inherited)",
				);
				GCC_PREPROCESSOR_DEFINITIONS = (
					"DEBUG=1",
					"$(inherited)",
				);
				INFOPLIST_FILE = SteeringBehaviorsTests/Info.plist;
				LD_RUNPATH_SEARCH_PATHS = "$(inherited) @executable_path/Frameworks @loader_path/Frameworks";
				PRODUCT_NAME = "$(TARGET_NAME)";
				TEST_HOST = "$(BUILT_PRODUCTS_DIR)/SteeringBehaviors.app/SteeringBehaviors";
			};
			name = Debug;
		};
		2F6DCC851A4BF3530093036D /* Release */ = {
			isa = XCBuildConfiguration;
			buildSettings = {
				BUNDLE_LOADER = "$(TEST_HOST)";
				FRAMEWORK_SEARCH_PATHS = (
					"$(SDKROOT)/Developer/Library/Frameworks",
					"$(inherited)",
				);
				INFOPLIST_FILE = SteeringBehaviorsTests/Info.plist;
				LD_RUNPATH_SEARCH_PATHS = "$(inherited) @executable_path/Frameworks @loader_path/Frameworks";
				PRODUCT_NAME = "$(TARGET_NAME)";
				TEST_HOST = "$(BUILT_PRODUCTS_DIR)/SteeringBehaviors.app/SteeringBehaviors";
			};
			name = Release;
		};
/* End XCBuildConfiguration section */

/* Begin XCConfigurationList section */
		2F6DCC531A4BF3530093036D /* Build configuration list for PBXProject "SteeringBehaviors" */ = {
			isa = XCConfigurationList;
			buildConfigurations = (
				2F6DCC7E1A4BF3530093036D /* Debug */,
				2F6DCC7F1A4BF3530093036D /* Release */,
			);
			defaultConfigurationIsVisible = 0;
			defaultConfigurationName = Release;
		};
		2F6DCC801A4BF3530093036D /* Build configuration list for PBXNativeTarget "SteeringBehaviors" */ = {
			isa = XCConfigurationList;
			buildConfigurations = (
				2F6DCC811A4BF3530093036D /* Debug */,
				2F6DCC821A4BF3530093036D /* Release */,
			);
			defaultConfigurationIsVisible = 0;
			defaultConfigurationName = Release;
		};
		2F6DCC831A4BF3530093036D /* Build configuration list for PBXNativeTarget "SteeringBehaviorsTests" */ = {
			isa = XCConfigurationList;
			buildConfigurations = (
				2F6DCC841A4BF3530093036D /* Debug */,
				2F6DCC851A4BF3530093036D /* Release */,
			);
			defaultConfigurationIsVisible = 0;
			defaultConfigurationName = Release;
		};
/* End XCConfigurationList section */
	};
	rootObject = 2F6DCC501A4BF3530093036D /* Project object */;
}
